
Microsoft Visual Studio Solution File, Format Version 12.00
# Visual Studio Version 16
VisualStudioVersion = 16.0.32228.343
MinimumVisualStudioVersion = 10.0.40219.1
Project("{FAE04EC0-301F-11D3-BF4B-00C04F79EFBC}") = "DateTimeAssignment", "DateTimeAssignment\DateTimeAssignment.csproj", "{7B4527FA-C66A-4C3B-9AC5-55D02CEE5A9D}"
EndProject
Global
	GlobalSection(SolutionConfigurationPlatforms) = preSolution
		Debug|Any CPU = Debug|Any CPU
		Release|Any CPU = Release|Any CPU
	EndGlobalSection
	GlobalSection(ProjectConfigurationPlatforms) = postSolution
		{7B4527FA-C66A-4C3B-9AC5-55D02CEE5A9D}.Debug|Any CPU.ActiveCfg = Debug|Any CPU
		{7B4527FA-C66A-4C3B-9AC5-55D02CEE5A9D}.Debug|Any CPU.Build.0 = Debug|Any CPU
		{7B4527FA-C66A-4C3B-9AC5-55D02CEE5A9D}.Release|Any CPU.ActiveCfg = Release|Any CPU
		{7B4527FA-C66A-4C3B-9AC5-55D02CEE5A9D}.Release|Any CPU.Build.0 = Release|Any CPU
	EndGlobalSection
	GlobalSection(SolutionProperties) = preSolution
		HideSolutionNode = FALSE
	EndGlobalSection
	GlobalSection(ExtensibilityGlobals) = postSolution
		SolutionGuid = {FEE5757E-808F-4E97-886E-3387AD66FE84}
	EndGlobalSection
EndGlobal
