
Microsoft Visual Studio Solution File, Format Version 12.00
# Visual Studio Version 16
VisualStudioVersion = 16.0.32228.343
MinimumVisualStudioVersion = 10.0.40219.1
Project("{FAE04EC0-301F-11D3-BF4B-00C04F79EFBC}") = "ConstructorAssignment", "ConstructorAssignment\ConstructorAssignment.csproj", "{C6C88104-50B9-415C-906C-10C426AC117E}"
EndProject
Global
	GlobalSection(SolutionConfigurationPlatforms) = preSolution
		Debug|Any CPU = Debug|Any CPU
		Release|Any CPU = Release|Any CPU
	EndGlobalSection
	GlobalSection(ProjectConfigurationPlatforms) = postSolution
		{C6C88104-50B9-415C-906C-10C426AC117E}.Debug|Any CPU.ActiveCfg = Debug|Any CPU
		{C6C88104-50B9-415C-906C-10C426AC117E}.Debug|Any CPU.Build.0 = Debug|Any CPU
		{C6C88104-50B9-415C-906C-10C426AC117E}.Release|Any CPU.ActiveCfg = Release|Any CPU
		{C6C88104-50B9-415C-906C-10C426AC117E}.Release|Any CPU.Build.0 = Release|Any CPU
	EndGlobalSection
	GlobalSection(SolutionProperties) = preSolution
		HideSolutionNode = FALSE
	EndGlobalSection
	GlobalSection(ExtensibilityGlobals) = postSolution
		SolutionGuid = {D10C9BED-5240-4439-9909-CB13B174E2A7}
	EndGlobalSection
EndGlobal
