
Microsoft Visual Studio Solution File, Format Version 12.00
# Visual Studio Version 16
VisualStudioVersion = 16.0.32228.343
MinimumVisualStudioVersion = 10.0.40219.1
Project("{FAE04EC0-301F-11D3-BF4B-00C04F79EFBC}") = "TwentyOneGame", "TwentyOneGame\TwentyOneGame.csproj", "{C29E8F23-EE67-41FC-9FAE-C8D3D02A7011}"
EndProject
Project("{FAE04EC0-301F-11D3-BF4B-00C04F79EFBC}") = "Casino", "Casino\Casino.csproj", "{1384FCF1-BE9A-486B-933D-9B8982C225B8}"
EndProject
Global
	GlobalSection(SolutionConfigurationPlatforms) = preSolution
		Debug|Any CPU = Debug|Any CPU
		Release|Any CPU = Release|Any CPU
	EndGlobalSection
	GlobalSection(ProjectConfigurationPlatforms) = postSolution
		{C29E8F23-EE67-41FC-9FAE-C8D3D02A7011}.Debug|Any CPU.ActiveCfg = Debug|Any CPU
		{C29E8F23-EE67-41FC-9FAE-C8D3D02A7011}.Debug|Any CPU.Build.0 = Debug|Any CPU
		{C29E8F23-EE67-41FC-9FAE-C8D3D02A7011}.Release|Any CPU.ActiveCfg = Release|Any CPU
		{C29E8F23-EE67-41FC-9FAE-C8D3D02A7011}.Release|Any CPU.Build.0 = Release|Any CPU
		{1384FCF1-BE9A-486B-933D-9B8982C225B8}.Debug|Any CPU.ActiveCfg = Debug|Any CPU
		{1384FCF1-BE9A-486B-933D-9B8982C225B8}.Debug|Any CPU.Build.0 = Debug|Any CPU
		{1384FCF1-BE9A-486B-933D-9B8982C225B8}.Release|Any CPU.ActiveCfg = Release|Any CPU
		{1384FCF1-BE9A-486B-933D-9B8982C225B8}.Release|Any CPU.Build.0 = Release|Any CPU
	EndGlobalSection
	GlobalSection(SolutionProperties) = preSolution
		HideSolutionNode = FALSE
	EndGlobalSection
	GlobalSection(ExtensibilityGlobals) = postSolution
		SolutionGuid = {5F9D19F8-963B-4BC2-8C94-CFB888A43ED9}
	EndGlobalSection
EndGlobal
