
Microsoft Visual Studio Solution File, Format Version 12.00
# Visual Studio Version 16
VisualStudioVersion = 16.0.31624.102
MinimumVisualStudioVersion = 10.0.40219.1
Project("{FAE04EC0-301F-11D3-BF4B-00C04F79EFBC}") = "CarInsurance", "CarInsurance\CarInsurance.csproj", "{B14D50C9-2D41-4212-A39A-589F160BD50A}"
EndProject
Global
	GlobalSection(SolutionConfigurationPlatforms) = preSolution
		Debug|Any CPU = Debug|Any CPU
		Release|Any CPU = Release|Any CPU
	EndGlobalSection
	GlobalSection(ProjectConfigurationPlatforms) = postSolution
		{B14D50C9-2D41-4212-A39A-589F160BD50A}.Debug|Any CPU.ActiveCfg = Debug|Any CPU
		{B14D50C9-2D41-4212-A39A-589F160BD50A}.Debug|Any CPU.Build.0 = Debug|Any CPU
		{B14D50C9-2D41-4212-A39A-589F160BD50A}.Release|Any CPU.ActiveCfg = Release|Any CPU
		{B14D50C9-2D41-4212-A39A-589F160BD50A}.Release|Any CPU.Build.0 = Release|Any CPU
	EndGlobalSection
	GlobalSection(SolutionProperties) = preSolution
		HideSolutionNode = FALSE
	EndGlobalSection
	GlobalSection(ExtensibilityGlobals) = postSolution
		SolutionGuid = {8E2B26D6-F111-4CC4-B4AD-F4F1C27831C8}
	EndGlobalSection
EndGlobal
