
Microsoft Visual Studio Solution File, Format Version 12.00
# Visual Studio 15
VisualStudioVersion = 15.0.28307.1831
MinimumVisualStudioVersion = 10.0.40219.1
Project("{FAE04EC0-301F-11D3-BF4B-00C04F79EFBC}") = "Scores", "Scores\Scores.csproj", "{0297CF98-067E-4DF1-93E3-2082BBB7EBE4}"
EndProject
Global
	GlobalSection(SolutionConfigurationPlatforms) = preSolution
		Debug|Any CPU = Debug|Any CPU
		Release|Any CPU = Release|Any CPU
	EndGlobalSection
	GlobalSection(ProjectConfigurationPlatforms) = postSolution
		{0297CF98-067E-4DF1-93E3-2082BBB7EBE4}.Debug|Any CPU.ActiveCfg = Debug|Any CPU
		{0297CF98-067E-4DF1-93E3-2082BBB7EBE4}.Debug|Any CPU.Build.0 = Debug|Any CPU
		{0297CF98-067E-4DF1-93E3-2082BBB7EBE4}.Release|Any CPU.ActiveCfg = Release|Any CPU
		{0297CF98-067E-4DF1-93E3-2082BBB7EBE4}.Release|Any CPU.Build.0 = Release|Any CPU
	EndGlobalSection
	GlobalSection(SolutionProperties) = preSolution
		HideSolutionNode = FALSE
	EndGlobalSection
	GlobalSection(ExtensibilityGlobals) = postSolution
		SolutionGuid = {8C89A79D-BFF4-4803-991F-50F406F2E82D}
	EndGlobalSection
EndGlobal
