
Microsoft Visual Studio Solution File, Format Version 12.00
# Visual Studio Version 16
VisualStudioVersion = 16.0.32126.315
MinimumVisualStudioVersion = 10.0.40219.1
Project("{FAE04EC0-301F-11D3-BF4B-00C04F79EFBC}") = "CallingMethodsAssignment", "CallingMethodsAssignment\CallingMethodsAssignment.csproj", "{438FB8D9-0FEA-4E91-B32A-1268F69F56EA}"
EndProject
Global
	GlobalSection(SolutionConfigurationPlatforms) = preSolution
		Debug|Any CPU = Debug|Any CPU
		Release|Any CPU = Release|Any CPU
	EndGlobalSection
	GlobalSection(ProjectConfigurationPlatforms) = postSolution
		{438FB8D9-0FEA-4E91-B32A-1268F69F56EA}.Debug|Any CPU.ActiveCfg = Debug|Any CPU
		{438FB8D9-0FEA-4E91-B32A-1268F69F56EA}.Debug|Any CPU.Build.0 = Debug|Any CPU
		{438FB8D9-0FEA-4E91-B32A-1268F69F56EA}.Release|Any CPU.ActiveCfg = Release|Any CPU
		{438FB8D9-0FEA-4E91-B32A-1268F69F56EA}.Release|Any CPU.Build.0 = Release|Any CPU
	EndGlobalSection
	GlobalSection(SolutionProperties) = preSolution
		HideSolutionNode = FALSE
	EndGlobalSection
	GlobalSection(ExtensibilityGlobals) = postSolution
		SolutionGuid = {310F1FF6-B7C9-4D7E-BEEF-26C0B22BE215}
	EndGlobalSection
EndGlobal
