
Microsoft Visual Studio Solution File, Format Version 12.00
# Visual Studio Version 16
VisualStudioVersion = 16.0.32228.343
MinimumVisualStudioVersion = 10.0.40219.1
Project("{FAE04EC0-301F-11D3-BF4B-00C04F79EFBC}") = "MyFirstAzureWebApp", "MyFirstAzureWebApp\MyFirstAzureWebApp.csproj", "{C9290931-23EE-491E-B0F3-5C76268E84E0}"
EndProject
Global
	GlobalSection(SolutionConfigurationPlatforms) = preSolution
		Debug|Any CPU = Debug|Any CPU
		Release|Any CPU = Release|Any CPU
	EndGlobalSection
	GlobalSection(ProjectConfigurationPlatforms) = postSolution
		{C9290931-23EE-491E-B0F3-5C76268E84E0}.Debug|Any CPU.ActiveCfg = Debug|Any CPU
		{C9290931-23EE-491E-B0F3-5C76268E84E0}.Debug|Any CPU.Build.0 = Debug|Any CPU
		{C9290931-23EE-491E-B0F3-5C76268E84E0}.Release|Any CPU.ActiveCfg = Release|Any CPU
		{C9290931-23EE-491E-B0F3-5C76268E84E0}.Release|Any CPU.Build.0 = Release|Any CPU
	EndGlobalSection
	GlobalSection(SolutionProperties) = preSolution
		HideSolutionNode = FALSE
	EndGlobalSection
	GlobalSection(ExtensibilityGlobals) = postSolution
		SolutionGuid = {F92C9B68-850A-4216-9F72-224CE095F852}
	EndGlobalSection
EndGlobal
