
Microsoft Visual Studio Solution File, Format Version 12.00
# Visual Studio Version 16
VisualStudioVersion = 16.0.32228.343
MinimumVisualStudioVersion = 10.0.40219.1
Project("{FAE04EC0-301F-11D3-BF4B-00C04F79EFBC}") = "PolymorphismAssignment", "PolymorphismAssignment\PolymorphismAssignment.csproj", "{0DBFA83C-E449-426F-82D4-A3E798F5BEFC}"
EndProject
Global
	GlobalSection(SolutionConfigurationPlatforms) = preSolution
		Debug|Any CPU = Debug|Any CPU
		Release|Any CPU = Release|Any CPU
	EndGlobalSection
	GlobalSection(ProjectConfigurationPlatforms) = postSolution
		{0DBFA83C-E449-426F-82D4-A3E798F5BEFC}.Debug|Any CPU.ActiveCfg = Debug|Any CPU
		{0DBFA83C-E449-426F-82D4-A3E798F5BEFC}.Debug|Any CPU.Build.0 = Debug|Any CPU
		{0DBFA83C-E449-426F-82D4-A3E798F5BEFC}.Release|Any CPU.ActiveCfg = Release|Any CPU
		{0DBFA83C-E449-426F-82D4-A3E798F5BEFC}.Release|Any CPU.Build.0 = Release|Any CPU
	EndGlobalSection
	GlobalSection(SolutionProperties) = preSolution
		HideSolutionNode = FALSE
	EndGlobalSection
	GlobalSection(ExtensibilityGlobals) = postSolution
		SolutionGuid = {86055706-2DB9-4DD6-AF79-F4C6D538F50D}
	EndGlobalSection
EndGlobal
