
Microsoft Visual Studio Solution File, Format Version 12.00
# Visual Studio Version 16
VisualStudioVersion = 16.0.32126.315
MinimumVisualStudioVersion = 10.0.40219.1
Project("{FAE04EC0-301F-11D3-BF4B-00C04F79EFBC}") = "StringsAndIntegersSub", "StringsAndIntegersSub\StringsAndIntegersSub.csproj", "{AA455141-C152-4FE9-84EF-37ACE7F89491}"
EndProject
Global
	GlobalSection(SolutionConfigurationPlatforms) = preSolution
		Debug|Any CPU = Debug|Any CPU
		Release|Any CPU = Release|Any CPU
	EndGlobalSection
	GlobalSection(ProjectConfigurationPlatforms) = postSolution
		{AA455141-C152-4FE9-84EF-37ACE7F89491}.Debug|Any CPU.ActiveCfg = Debug|Any CPU
		{AA455141-C152-4FE9-84EF-37ACE7F89491}.Debug|Any CPU.Build.0 = Debug|Any CPU
		{AA455141-C152-4FE9-84EF-37ACE7F89491}.Release|Any CPU.ActiveCfg = Release|Any CPU
		{AA455141-C152-4FE9-84EF-37ACE7F89491}.Release|Any CPU.Build.0 = Release|Any CPU
	EndGlobalSection
	GlobalSection(SolutionProperties) = preSolution
		HideSolutionNode = FALSE
	EndGlobalSection
	GlobalSection(ExtensibilityGlobals) = postSolution
		SolutionGuid = {9A11DB50-BC28-41DC-BBF5-E130B799D5AC}
	EndGlobalSection
EndGlobal
